
Microsoft Visual Studio Solution File, Format Version 12.00
# Visual Studio Version 17
VisualStudioVersion = 17.14.36518.9 d17.14
MinimumVisualStudioVersion = 10.0.40219.1
Project("{FAE04EC0-301F-11D3-BF4B-00C04F79EFBC}") = "CS_DemoExceptionHandling", "CS_DemoExceptionHandling\CS_DemoExceptionHandling.csproj", "{377F335C-1E3B-4B18-BF5D-3EBB9F192F6D}"
EndProject
Global
	GlobalSection(SolutionConfigurationPlatforms) = preSolution
		Debug|Any CPU = Debug|Any CPU
		Release|Any CPU = Release|Any CPU
	EndGlobalSection
	GlobalSection(ProjectConfigurationPlatforms) = postSolution
		{377F335C-1E3B-4B18-BF5D-3EBB9F192F6D}.Debug|Any CPU.ActiveCfg = Debug|Any CPU
		{377F335C-1E3B-4B18-BF5D-3EBB9F192F6D}.Debug|Any CPU.Build.0 = Debug|Any CPU
		{377F335C-1E3B-4B18-BF5D-3EBB9F192F6D}.Release|Any CPU.ActiveCfg = Release|Any CPU
		{377F335C-1E3B-4B18-BF5D-3EBB9F192F6D}.Release|Any CPU.Build.0 = Release|Any CPU
	EndGlobalSection
	GlobalSection(SolutionProperties) = preSolution
		HideSolutionNode = FALSE
	EndGlobalSection
	GlobalSection(ExtensibilityGlobals) = postSolution
		SolutionGuid = {FC8772AE-80B0-4F96-BF50-35D28FA2AF1D}
	EndGlobalSection
EndGlobal
