
Microsoft Visual Studio Solution File, Format Version 12.00
# Visual Studio Version 17
VisualStudioVersion = 17.14.36623.8 d17.14
MinimumVisualStudioVersion = 10.0.40219.1
Project("{FAE04EC0-301F-11D3-BF4B-00C04F79EFBC}") = "API_DemoGRPC", "API_DemoGRPC\API_DemoGRPC.csproj", "{015A3A19-93CF-46C9-8AAF-A0A8F56BA515}"
EndProject
Project("{FAE04EC0-301F-11D3-BF4B-00C04F79EFBC}") = "ClientApp", "ClientApp\ClientApp.csproj", "{0E6D3527-999F-493E-8084-E04CAD5A360C}"
EndProject
Global
	GlobalSection(SolutionConfigurationPlatforms) = preSolution
		Debug|Any CPU = Debug|Any CPU
		Release|Any CPU = Release|Any CPU
	EndGlobalSection
	GlobalSection(ProjectConfigurationPlatforms) = postSolution
		{015A3A19-93CF-46C9-8AAF-A0A8F56BA515}.Debug|Any CPU.ActiveCfg = Debug|Any CPU
		{015A3A19-93CF-46C9-8AAF-A0A8F56BA515}.Debug|Any CPU.Build.0 = Debug|Any CPU
		{015A3A19-93CF-46C9-8AAF-A0A8F56BA515}.Release|Any CPU.ActiveCfg = Release|Any CPU
		{015A3A19-93CF-46C9-8AAF-A0A8F56BA515}.Release|Any CPU.Build.0 = Release|Any CPU
		{0E6D3527-999F-493E-8084-E04CAD5A360C}.Debug|Any CPU.ActiveCfg = Debug|Any CPU
		{0E6D3527-999F-493E-8084-E04CAD5A360C}.Debug|Any CPU.Build.0 = Debug|Any CPU
		{0E6D3527-999F-493E-8084-E04CAD5A360C}.Release|Any CPU.ActiveCfg = Release|Any CPU
		{0E6D3527-999F-493E-8084-E04CAD5A360C}.Release|Any CPU.Build.0 = Release|Any CPU
	EndGlobalSection
	GlobalSection(SolutionProperties) = preSolution
		HideSolutionNode = FALSE
	EndGlobalSection
	GlobalSection(ExtensibilityGlobals) = postSolution
		SolutionGuid = {5F4756F2-6C43-424B-9F71-286730572559}
	EndGlobalSection
EndGlobal
