
Microsoft Visual Studio Solution File, Format Version 12.00
# Visual Studio Version 17
VisualStudioVersion = 17.14.36518.9 d17.14
MinimumVisualStudioVersion = 10.0.40219.1
Project("{FAE04EC0-301F-11D3-BF4B-00C04F79EFBC}") = "CS_DemoCollections", "CS_DemoCollections\CS_DemoCollections.csproj", "{45C6CB51-8427-441D-8C03-45039DAFC25E}"
EndProject
Global
	GlobalSection(SolutionConfigurationPlatforms) = preSolution
		Debug|Any CPU = Debug|Any CPU
		Release|Any CPU = Release|Any CPU
	EndGlobalSection
	GlobalSection(ProjectConfigurationPlatforms) = postSolution
		{45C6CB51-8427-441D-8C03-45039DAFC25E}.Debug|Any CPU.ActiveCfg = Debug|Any CPU
		{45C6CB51-8427-441D-8C03-45039DAFC25E}.Debug|Any CPU.Build.0 = Debug|Any CPU
		{45C6CB51-8427-441D-8C03-45039DAFC25E}.Release|Any CPU.ActiveCfg = Release|Any CPU
		{45C6CB51-8427-441D-8C03-45039DAFC25E}.Release|Any CPU.Build.0 = Release|Any CPU
	EndGlobalSection
	GlobalSection(SolutionProperties) = preSolution
		HideSolutionNode = FALSE
	EndGlobalSection
	GlobalSection(ExtensibilityGlobals) = postSolution
		SolutionGuid = {68EB2904-5071-42CF-A8B9-3C21499F1200}
	EndGlobalSection
EndGlobal
