
Microsoft Visual Studio Solution File, Format Version 12.00
# Visual Studio Version 17
VisualStudioVersion = 17.14.36616.10 d17.14
MinimumVisualStudioVersion = 10.0.40219.1
Project("{FAE04EC0-301F-11D3-BF4B-00C04F79EFBC}") = "Web_DemoASPNETCoreBasics", "Web_DemoASPNETCoreBasics\Web_DemoASPNETCoreBasics.csproj", "{97D42CE3-8D83-4903-9AB0-2E3DB1DA9ECA}"
EndProject
Global
	GlobalSection(SolutionConfigurationPlatforms) = preSolution
		Debug|Any CPU = Debug|Any CPU
		Release|Any CPU = Release|Any CPU
	EndGlobalSection
	GlobalSection(ProjectConfigurationPlatforms) = postSolution
		{97D42CE3-8D83-4903-9AB0-2E3DB1DA9ECA}.Debug|Any CPU.ActiveCfg = Debug|Any CPU
		{97D42CE3-8D83-4903-9AB0-2E3DB1DA9ECA}.Debug|Any CPU.Build.0 = Debug|Any CPU
		{97D42CE3-8D83-4903-9AB0-2E3DB1DA9ECA}.Release|Any CPU.ActiveCfg = Release|Any CPU
		{97D42CE3-8D83-4903-9AB0-2E3DB1DA9ECA}.Release|Any CPU.Build.0 = Release|Any CPU
	EndGlobalSection
	GlobalSection(SolutionProperties) = preSolution
		HideSolutionNode = FALSE
	EndGlobalSection
	GlobalSection(ExtensibilityGlobals) = postSolution
		SolutionGuid = {9A109FA1-505A-474C-9B1E-5398FEC57C60}
	EndGlobalSection
EndGlobal
