
Microsoft Visual Studio Solution File, Format Version 12.00
# Visual Studio Version 17
VisualStudioVersion = 17.14.36518.9 d17.14
MinimumVisualStudioVersion = 10.0.40219.1
Project("{FAE04EC0-301F-11D3-BF4B-00C04F79EFBC}") = "CS_DemoEnums", "CS_DemoEnums\CS_DemoEnums.csproj", "{B88A8DF5-0F51-476F-A522-140A4E7E5650}"
EndProject
Global
	GlobalSection(SolutionConfigurationPlatforms) = preSolution
		Debug|Any CPU = Debug|Any CPU
		Release|Any CPU = Release|Any CPU
	EndGlobalSection
	GlobalSection(ProjectConfigurationPlatforms) = postSolution
		{B88A8DF5-0F51-476F-A522-140A4E7E5650}.Debug|Any CPU.ActiveCfg = Debug|Any CPU
		{B88A8DF5-0F51-476F-A522-140A4E7E5650}.Debug|Any CPU.Build.0 = Debug|Any CPU
		{B88A8DF5-0F51-476F-A522-140A4E7E5650}.Release|Any CPU.ActiveCfg = Release|Any CPU
		{B88A8DF5-0F51-476F-A522-140A4E7E5650}.Release|Any CPU.Build.0 = Release|Any CPU
	EndGlobalSection
	GlobalSection(SolutionProperties) = preSolution
		HideSolutionNode = FALSE
	EndGlobalSection
	GlobalSection(ExtensibilityGlobals) = postSolution
		SolutionGuid = {081A5534-584D-490F-9AC9-F9F85814B162}
	EndGlobalSection
EndGlobal
