
Microsoft Visual Studio Solution File, Format Version 12.00
# Visual Studio Version 17
VisualStudioVersion = 17.14.36623.8 d17.14
MinimumVisualStudioVersion = 10.0.40219.1
Project("{FAE04EC0-301F-11D3-BF4B-00C04F79EFBC}") = "CatalogService", "CatalogService\CatalogService.csproj", "{37979533-F03A-4F9A-A1E8-5C3902C16D81}"
EndProject
Project("{FAE04EC0-301F-11D3-BF4B-00C04F79EFBC}") = "OrderService", "OrderService\OrderService.csproj", "{AD65CB9A-1D4F-4D32-A0ED-5DB2A5E959A8}"
EndProject
Project("{FAE04EC0-301F-11D3-BF4B-00C04F79EFBC}") = "ApiGateway", "ApiGateway\ApiGateway.csproj", "{EF413F1B-2E78-4F3A-99C0-64682D4BCC9D}"
EndProject
Project("{E53339B2-1760-4266-BCC7-CA923CBCF16C}") = "docker-compose", "docker-compose.dcproj", "{81DDED9D-158B-E303-5F62-77A2896D2A5A}"
EndProject
Global
	GlobalSection(SolutionConfigurationPlatforms) = preSolution
		Debug|Any CPU = Debug|Any CPU
		Release|Any CPU = Release|Any CPU
	EndGlobalSection
	GlobalSection(ProjectConfigurationPlatforms) = postSolution
		{37979533-F03A-4F9A-A1E8-5C3902C16D81}.Debug|Any CPU.ActiveCfg = Debug|Any CPU
		{37979533-F03A-4F9A-A1E8-5C3902C16D81}.Debug|Any CPU.Build.0 = Debug|Any CPU
		{37979533-F03A-4F9A-A1E8-5C3902C16D81}.Release|Any CPU.ActiveCfg = Release|Any CPU
		{37979533-F03A-4F9A-A1E8-5C3902C16D81}.Release|Any CPU.Build.0 = Release|Any CPU
		{AD65CB9A-1D4F-4D32-A0ED-5DB2A5E959A8}.Debug|Any CPU.ActiveCfg = Debug|Any CPU
		{AD65CB9A-1D4F-4D32-A0ED-5DB2A5E959A8}.Debug|Any CPU.Build.0 = Debug|Any CPU
		{AD65CB9A-1D4F-4D32-A0ED-5DB2A5E959A8}.Release|Any CPU.ActiveCfg = Release|Any CPU
		{AD65CB9A-1D4F-4D32-A0ED-5DB2A5E959A8}.Release|Any CPU.Build.0 = Release|Any CPU
		{EF413F1B-2E78-4F3A-99C0-64682D4BCC9D}.Debug|Any CPU.ActiveCfg = Debug|Any CPU
		{EF413F1B-2E78-4F3A-99C0-64682D4BCC9D}.Debug|Any CPU.Build.0 = Debug|Any CPU
		{EF413F1B-2E78-4F3A-99C0-64682D4BCC9D}.Release|Any CPU.ActiveCfg = Release|Any CPU
		{EF413F1B-2E78-4F3A-99C0-64682D4BCC9D}.Release|Any CPU.Build.0 = Release|Any CPU
		{81DDED9D-158B-E303-5F62-77A2896D2A5A}.Debug|Any CPU.ActiveCfg = Debug|Any CPU
		{81DDED9D-158B-E303-5F62-77A2896D2A5A}.Debug|Any CPU.Build.0 = Debug|Any CPU
		{81DDED9D-158B-E303-5F62-77A2896D2A5A}.Release|Any CPU.ActiveCfg = Release|Any CPU
		{81DDED9D-158B-E303-5F62-77A2896D2A5A}.Release|Any CPU.Build.0 = Release|Any CPU
	EndGlobalSection
	GlobalSection(SolutionProperties) = preSolution
		HideSolutionNode = FALSE
	EndGlobalSection
	GlobalSection(ExtensibilityGlobals) = postSolution
		SolutionGuid = {934B505F-022C-4262-8FA8-BDBD23F38574}
	EndGlobalSection
EndGlobal
