
Microsoft Visual Studio Solution File, Format Version 12.00
# Visual Studio Version 17
VisualStudioVersion = 17.14.36616.10 d17.14
MinimumVisualStudioVersion = 10.0.40219.1
Project("{FAE04EC0-301F-11D3-BF4B-00C04F79EFBC}") = "CS_DemoEFCore", "CS_DemoEFCore\CS_DemoEFCore.csproj", "{4D83BEF1-D0E6-4B16-A2DD-FC1481B5F22A}"
EndProject
Global
	GlobalSection(SolutionConfigurationPlatforms) = preSolution
		Debug|Any CPU = Debug|Any CPU
		Release|Any CPU = Release|Any CPU
	EndGlobalSection
	GlobalSection(ProjectConfigurationPlatforms) = postSolution
		{4D83BEF1-D0E6-4B16-A2DD-FC1481B5F22A}.Debug|Any CPU.ActiveCfg = Debug|Any CPU
		{4D83BEF1-D0E6-4B16-A2DD-FC1481B5F22A}.Debug|Any CPU.Build.0 = Debug|Any CPU
		{4D83BEF1-D0E6-4B16-A2DD-FC1481B5F22A}.Release|Any CPU.ActiveCfg = Release|Any CPU
		{4D83BEF1-D0E6-4B16-A2DD-FC1481B5F22A}.Release|Any CPU.Build.0 = Release|Any CPU
	EndGlobalSection
	GlobalSection(SolutionProperties) = preSolution
		HideSolutionNode = FALSE
	EndGlobalSection
	GlobalSection(ExtensibilityGlobals) = postSolution
		SolutionGuid = {3054D32D-5C5A-4B31-ABDA-5860FD661801}
	EndGlobalSection
EndGlobal
